
Microsoft Visual Studio Solution File, Format Version 12.00
# Visual Studio Version 16
VisualStudioVersion = 16.0.30717.126
MinimumVisualStudioVersion = 10.0.40219.1
Project("{FAE04EC0-301F-11D3-BF4B-00C04F79EFBC}") = "LatticeTesting", "FlashModule\LatticeTesting.csproj", "{EE9F17F3-0C47-4A15-B4AA-47CD2B538A8C}"
EndProject
Global
	GlobalSection(SolutionConfigurationPlatforms) = preSolution
		Debug|Any CPU = Debug|Any CPU
		Debug|x86 = Debug|x86
		Release|Any CPU = Release|Any CPU
		Release|x86 = Release|x86
	EndGlobalSection
	GlobalSection(ProjectConfigurationPlatforms) = postSolution
		{EE9F17F3-0C47-4A15-B4AA-47CD2B538A8C}.Debug|Any CPU.ActiveCfg = Debug|Any CPU
		{EE9F17F3-0C47-4A15-B4AA-47CD2B538A8C}.Debug|Any CPU.Build.0 = Debug|Any CPU
		{EE9F17F3-0C47-4A15-B4AA-47CD2B538A8C}.Debug|x86.ActiveCfg = Debug|x86
		{EE9F17F3-0C47-4A15-B4AA-47CD2B538A8C}.Debug|x86.Build.0 = Debug|x86
		{EE9F17F3-0C47-4A15-B4AA-47CD2B538A8C}.Release|Any CPU.ActiveCfg = Release|Any CPU
		{EE9F17F3-0C47-4A15-B4AA-47CD2B538A8C}.Release|Any CPU.Build.0 = Release|Any CPU
		{EE9F17F3-0C47-4A15-B4AA-47CD2B538A8C}.Release|x86.ActiveCfg = Release|x86
		{EE9F17F3-0C47-4A15-B4AA-47CD2B538A8C}.Release|x86.Build.0 = Release|x86
	EndGlobalSection
	GlobalSection(SolutionProperties) = preSolution
		HideSolutionNode = FALSE
	EndGlobalSection
	GlobalSection(ExtensibilityGlobals) = postSolution
		SolutionGuid = {30E7A946-48E2-4349-973A-0723069DCD7C}
	EndGlobalSection
EndGlobal
